<Solution>
  <Project Path="PracticePlatform.AppHost/PracticePlatform.AppHost.csproj" />
  <Project Path="PracticePlatform.Application/PracticePlatform.Application.csproj" />
  <Project Path="PracticePlatform.Domain/PracticePlatform.Domain.csproj" />
  <Project Path="PracticePlatform.Execution.Contracts/PracticePlatform.Execution.Contracts.csproj" />
  <Project Path="PracticePlatform.ExecutionApi/PracticePlatform.ExecutionApi.csproj" />
  <Project Path="PracticePlatform.Infrastructure/PracticePlatform.Infrastructure.csproj" />
  <Project Path="PracticePlatform.ServiceDefaults/PracticePlatform.ServiceDefaults.csproj" />
  <Project Path="PracticePlatform.WebApi/PracticePlatform.WebApi.csproj" />
  <Project Path="PracticePlatform.WebUi/PracticePlatform.WebUi.csproj" />
</Solution>
